
Microsoft Visual Studio Solution File, Format Version 12.00
# Visual Studio 15
Project("{FAE04EC0-301F-11D3-BF4B-00C04F79EFBC}") = "UnityEngine.TestRunner", "UnityEngine.TestRunner.csproj", "{6EA84595-DF37-FC1C-3D64-629A18D94365}"
EndProject
Project("{FAE04EC0-301F-11D3-BF4B-00C04F79EFBC}") = "Unity.Mathematics", "Unity.Mathematics.csproj", "{368EEB3C-3450-F49F-744C-C0A02D4C40C3}"
EndProject
Project("{FAE04EC0-301F-11D3-BF4B-00C04F79EFBC}") = "Unity.2D.Animation.Triangle.Runtime", "Unity.2D.Animation.Triangle.Runtime.csproj", "{443F4320-9FBE-C33F-AB2C-69F7EAEAEE53}"
EndProject
Project("{FAE04EC0-301F-11D3-BF4B-00C04F79EFBC}") = "Unity.Timeline", "Unity.Timeline.csproj", "{CCB77A3C-D4A5-7F47-598B-6C2F0EE77DE1}"
EndProject
Project("{FAE04EC0-301F-11D3-BF4B-00C04F79EFBC}") = "UnityEngine.UI", "UnityEngine.UI.csproj", "{7EA9837A-AE23-6678-0625-8362E7EAB7B2}"
EndProject
Project("{FAE04EC0-301F-11D3-BF4B-00C04F79EFBC}") = "Unity.TextMeshPro", "Unity.TextMeshPro.csproj", "{E6808BB6-EFC3-8C8B-0A5D-7F2F3407C0F4}"
EndProject
Project("{FAE04EC0-301F-11D3-BF4B-00C04F79EFBC}") = "Unity.2D.Animation.Runtime", "Unity.2D.Animation.Runtime.csproj", "{920C3391-1D7C-B890-EE5A-A2A82CE10CC3}"
EndProject
Project("{FAE04EC0-301F-11D3-BF4B-00C04F79EFBC}") = "Unity.2D.IK.Runtime", "Unity.2D.IK.Runtime.csproj", "{25CEBEEC-9F8C-1B99-690B-F5DD54BFE40F}"
EndProject
Project("{FAE04EC0-301F-11D3-BF4B-00C04F79EFBC}") = "Unity.2D.SpriteShape.Runtime", "Unity.2D.SpriteShape.Runtime.csproj", "{AF799E58-0222-A8BC-13CA-398EA6EB1544}"
EndProject
Project("{FAE04EC0-301F-11D3-BF4B-00C04F79EFBC}") = "Unity.2D.PixelPerfect", "Unity.2D.PixelPerfect.csproj", "{FB689959-74F0-E735-EEB2-5C0C42FC1C25}"
EndProject
Project("{FAE04EC0-301F-11D3-BF4B-00C04F79EFBC}") = "Unity.2D.Common.Runtime", "Unity.2D.Common.Runtime.csproj", "{8EF48742-4A3D-61FF-05B8-9511494DF1DA}"
EndProject
Project("{FAE04EC0-301F-11D3-BF4B-00C04F79EFBC}") = "Unity.InternalAPIEngineBridge.001", "Unity.InternalAPIEngineBridge.001.csproj", "{3F270B60-5A95-969A-2FAA-DBDF60E8B4AE}"
EndProject
Project("{FAE04EC0-301F-11D3-BF4B-00C04F79EFBC}") = "Assembly-CSharp", "Assembly-CSharp.csproj", "{040E05B0-1557-8D39-AD9B-3A7D5B562C31}"
EndProject
Project("{FAE04EC0-301F-11D3-BF4B-00C04F79EFBC}") = "UnityEditor.TestRunner", "UnityEditor.TestRunner.csproj", "{80666B31-F217-4C15-6D1D-DCFE14D4C700}"
EndProject
Project("{FAE04EC0-301F-11D3-BF4B-00C04F79EFBC}") = "Unity.PlasticSCM.Editor", "Unity.PlasticSCM.Editor.csproj", "{8D785339-5E68-FAC1-113D-EEA50C148517}"
EndProject
Project("{FAE04EC0-301F-11D3-BF4B-00C04F79EFBC}") = "UnityEditor.UI", "UnityEditor.UI.csproj", "{F739E41F-C690-599B-1D66-E474CD5E4C5A}"
EndProject
Project("{FAE04EC0-301F-11D3-BF4B-00C04F79EFBC}") = "Unity.Timeline.Editor", "Unity.Timeline.Editor.csproj", "{8D89D760-DB92-7797-CCCC-37AD0A38B2D5}"
EndProject
Project("{FAE04EC0-301F-11D3-BF4B-00C04F79EFBC}") = "Unity.VisualStudio.Editor", "Unity.VisualStudio.Editor.csproj", "{B6E82D56-B99A-C198-62A6-BED14F30A8FA}"
EndProject
Project("{FAE04EC0-301F-11D3-BF4B-00C04F79EFBC}") = "Unity.2D.Psdimporter.Editor", "Unity.2D.Psdimporter.Editor.csproj", "{386F05BD-DF67-DC25-934A-ABA312E8BC84}"
EndProject
Project("{FAE04EC0-301F-11D3-BF4B-00C04F79EFBC}") = "Unity.2D.Animation.Editor", "Unity.2D.Animation.Editor.csproj", "{776E8FBF-F078-CC0C-03F6-0258CD8F51D1}"
EndProject
Project("{FAE04EC0-301F-11D3-BF4B-00C04F79EFBC}") = "Unity.TextMeshPro.Editor", "Unity.TextMeshPro.Editor.csproj", "{7072B21F-0F85-4D98-5D93-7BC260D73BDC}"
EndProject
Project("{FAE04EC0-301F-11D3-BF4B-00C04F79EFBC}") = "Unity.2D.SpriteShape.Editor", "Unity.2D.SpriteShape.Editor.csproj", "{8411887F-034C-E37F-CEFD-65217B3D2A26}"
EndProject
Project("{FAE04EC0-301F-11D3-BF4B-00C04F79EFBC}") = "Unity.CollabProxy.Editor", "Unity.CollabProxy.Editor.csproj", "{C6D49221-64E8-6C5B-BBF0-6B936CE311DC}"
EndProject
Project("{FAE04EC0-301F-11D3-BF4B-00C04F79EFBC}") = "PsdPlugin", "PsdPlugin.csproj", "{F972CD59-5A50-FA23-F53A-5D662CFDC100}"
EndProject
Project("{FAE04EC0-301F-11D3-BF4B-00C04F79EFBC}") = "Unity.2D.Path.Editor", "Unity.2D.Path.Editor.csproj", "{C08004EF-4C15-5E27-495A-A5731D68948D}"
EndProject
Project("{FAE04EC0-301F-11D3-BF4B-00C04F79EFBC}") = "Unity.Rider.Editor", "Unity.Rider.Editor.csproj", "{DD6AC082-7AF6-FABF-A8CA-087E8D740858}"
EndProject
Project("{FAE04EC0-301F-11D3-BF4B-00C04F79EFBC}") = "Unity.2D.IK.Editor", "Unity.2D.IK.Editor.csproj", "{D98DDEA7-D0BF-69C5-381C-52E70A893926}"
EndProject
Project("{FAE04EC0-301F-11D3-BF4B-00C04F79EFBC}") = "Unity.2D.Sprite.Editor", "Unity.2D.Sprite.Editor.csproj", "{3067CBF7-A3A3-E89B-E3AE-675B070FCED6}"
EndProject
Project("{FAE04EC0-301F-11D3-BF4B-00C04F79EFBC}") = "Unity.2D.Tilemap.Editor", "Unity.2D.Tilemap.Editor.csproj", "{0027925D-B5EF-54AB-3D3C-992C7C007691}"
EndProject
Project("{FAE04EC0-301F-11D3-BF4B-00C04F79EFBC}") = "Unity.2D.PixelPerfect.Editor", "Unity.2D.PixelPerfect.Editor.csproj", "{B29AA6E3-FC21-CCC3-05A2-FE174B08E268}"
EndProject
Project("{FAE04EC0-301F-11D3-BF4B-00C04F79EFBC}") = "Unity.VSCode.Editor", "Unity.VSCode.Editor.csproj", "{ED54E2D3-5045-EDB4-91FA-D604C1D906E7}"
EndProject
Project("{FAE04EC0-301F-11D3-BF4B-00C04F79EFBC}") = "Unity.2D.Common.Editor", "Unity.2D.Common.Editor.csproj", "{65071C21-55C1-B11E-49CC-AABE525C47F8}"
EndProject
Project("{FAE04EC0-301F-11D3-BF4B-00C04F79EFBC}") = "Unity.Mathematics.Editor", "Unity.Mathematics.Editor.csproj", "{630DDADD-8039-54A3-A559-775D9CAB98B9}"
EndProject
Project("{FAE04EC0-301F-11D3-BF4B-00C04F79EFBC}") = "Unity.InternalAPIEditorBridge.001", "Unity.InternalAPIEditorBridge.001.csproj", "{3C9C60BA-D2F5-E58A-DA61-0193B9036EFF}"
EndProject
Project("{FAE04EC0-301F-11D3-BF4B-00C04F79EFBC}") = "UnityEngine.TestRunner", "UnityEngine.TestRunner.Player.csproj", "{18C3E72D-B9C4-C6CC-EED8-8BFA5110EF31}"
EndProject
Project("{FAE04EC0-301F-11D3-BF4B-00C04F79EFBC}") = "Unity.Mathematics", "Unity.Mathematics.Player.csproj", "{2FBCF766-4A3F-D7A9-B051-4F02574498AB}"
EndProject
Project("{FAE04EC0-301F-11D3-BF4B-00C04F79EFBC}") = "Unity.2D.Animation.Triangle.Runtime", "Unity.2D.Animation.Triangle.Runtime.Player.csproj", "{53A86FB9-4B2E-4BA3-22F1-08863A0F43DA}"
EndProject
Project("{FAE04EC0-301F-11D3-BF4B-00C04F79EFBC}") = "Unity.Timeline", "Unity.Timeline.Player.csproj", "{F39DB17A-AA08-1BF3-BA4E-A5B2D4E5646B}"
EndProject
Project("{FAE04EC0-301F-11D3-BF4B-00C04F79EFBC}") = "UnityEngine.UI", "UnityEngine.UI.Player.csproj", "{248982DE-930F-04FC-46CC-B912C27B9967}"
EndProject
Project("{FAE04EC0-301F-11D3-BF4B-00C04F79EFBC}") = "Unity.TextMeshPro", "Unity.TextMeshPro.Player.csproj", "{15D9CD94-B0E7-A5CE-2C5D-1132A9083562}"
EndProject
Project("{FAE04EC0-301F-11D3-BF4B-00C04F79EFBC}") = "Unity.2D.Animation.Runtime", "Unity.2D.Animation.Runtime.Player.csproj", "{25BF6572-2F12-1C68-CEFE-CBB9633EF15C}"
EndProject
Project("{FAE04EC0-301F-11D3-BF4B-00C04F79EFBC}") = "Unity.2D.IK.Runtime", "Unity.2D.IK.Runtime.Player.csproj", "{F9B821A2-0EA1-D0C3-0246-7B68AFE587FE}"
EndProject
Project("{FAE04EC0-301F-11D3-BF4B-00C04F79EFBC}") = "Unity.2D.SpriteShape.Runtime", "Unity.2D.SpriteShape.Runtime.Player.csproj", "{41984AA0-BDD4-3484-0EE5-14020778A8DE}"
EndProject
Project("{FAE04EC0-301F-11D3-BF4B-00C04F79EFBC}") = "Unity.2D.PixelPerfect", "Unity.2D.PixelPerfect.Player.csproj", "{40830650-DB7E-8A78-9FB4-317BDBB63940}"
EndProject
Project("{FAE04EC0-301F-11D3-BF4B-00C04F79EFBC}") = "Unity.2D.Common.Runtime", "Unity.2D.Common.Runtime.Player.csproj", "{A2416998-D1D4-9C29-9A6E-91CA4E72F519}"
EndProject
Project("{FAE04EC0-301F-11D3-BF4B-00C04F79EFBC}") = "Unity.InternalAPIEngineBridge.001", "Unity.InternalAPIEngineBridge.001.Player.csproj", "{308A07F1-A4DF-FD6C-DAD5-F16BD72E056F}"
EndProject
Project("{FAE04EC0-301F-11D3-BF4B-00C04F79EFBC}") = "Assembly-CSharp", "Assembly-CSharp.Player.csproj", "{78254162-857E-71D1-675F-613696ECD247}"
EndProject
Global
	GlobalSection(SolutionConfigurationPlatforms) = preSolution
		Debug|Any CPU = Debug|Any CPU
		Release|Any CPU = Release|Any CPU
	EndGlobalSection
	GlobalSection(ProjectConfigurationPlatforms) = postSolution
		{6EA84595-DF37-FC1C-3D64-629A18D94365}.Debug|Any CPU.ActiveCfg = Debug|Any CPU
		{6EA84595-DF37-FC1C-3D64-629A18D94365}.Debug|Any CPU.Build.0 = Debug|Any CPU
		{6EA84595-DF37-FC1C-3D64-629A18D94365}.Release|Any CPU.ActiveCfg = Release|Any CPU
		{6EA84595-DF37-FC1C-3D64-629A18D94365}.Release|Any CPU.Build.0 = Release|Any CPU
		{368EEB3C-3450-F49F-744C-C0A02D4C40C3}.Debug|Any CPU.ActiveCfg = Debug|Any CPU
		{368EEB3C-3450-F49F-744C-C0A02D4C40C3}.Debug|Any CPU.Build.0 = Debug|Any CPU
		{368EEB3C-3450-F49F-744C-C0A02D4C40C3}.Release|Any CPU.ActiveCfg = Release|Any CPU
		{368EEB3C-3450-F49F-744C-C0A02D4C40C3}.Release|Any CPU.Build.0 = Release|Any CPU
		{443F4320-9FBE-C33F-AB2C-69F7EAEAEE53}.Debug|Any CPU.ActiveCfg = Debug|Any CPU
		{443F4320-9FBE-C33F-AB2C-69F7EAEAEE53}.Debug|Any CPU.Build.0 = Debug|Any CPU
		{443F4320-9FBE-C33F-AB2C-69F7EAEAEE53}.Release|Any CPU.ActiveCfg = Release|Any CPU
		{443F4320-9FBE-C33F-AB2C-69F7EAEAEE53}.Release|Any CPU.Build.0 = Release|Any CPU
		{CCB77A3C-D4A5-7F47-598B-6C2F0EE77DE1}.Debug|Any CPU.ActiveCfg = Debug|Any CPU
		{CCB77A3C-D4A5-7F47-598B-6C2F0EE77DE1}.Debug|Any CPU.Build.0 = Debug|Any CPU
		{CCB77A3C-D4A5-7F47-598B-6C2F0EE77DE1}.Release|Any CPU.ActiveCfg = Release|Any CPU
		{CCB77A3C-D4A5-7F47-598B-6C2F0EE77DE1}.Release|Any CPU.Build.0 = Release|Any CPU
		{7EA9837A-AE23-6678-0625-8362E7EAB7B2}.Debug|Any CPU.ActiveCfg = Debug|Any CPU
		{7EA9837A-AE23-6678-0625-8362E7EAB7B2}.Debug|Any CPU.Build.0 = Debug|Any CPU
		{7EA9837A-AE23-6678-0625-8362E7EAB7B2}.Release|Any CPU.ActiveCfg = Release|Any CPU
		{7EA9837A-AE23-6678-0625-8362E7EAB7B2}.Release|Any CPU.Build.0 = Release|Any CPU
		{E6808BB6-EFC3-8C8B-0A5D-7F2F3407C0F4}.Debug|Any CPU.ActiveCfg = Debug|Any CPU
		{E6808BB6-EFC3-8C8B-0A5D-7F2F3407C0F4}.Debug|Any CPU.Build.0 = Debug|Any CPU
		{E6808BB6-EFC3-8C8B-0A5D-7F2F3407C0F4}.Release|Any CPU.ActiveCfg = Release|Any CPU
		{E6808BB6-EFC3-8C8B-0A5D-7F2F3407C0F4}.Release|Any CPU.Build.0 = Release|Any CPU
		{920C3391-1D7C-B890-EE5A-A2A82CE10CC3}.Debug|Any CPU.ActiveCfg = Debug|Any CPU
		{920C3391-1D7C-B890-EE5A-A2A82CE10CC3}.Debug|Any CPU.Build.0 = Debug|Any CPU
		{920C3391-1D7C-B890-EE5A-A2A82CE10CC3}.Release|Any CPU.ActiveCfg = Release|Any CPU
		{920C3391-1D7C-B890-EE5A-A2A82CE10CC3}.Release|Any CPU.Build.0 = Release|Any CPU
		{25CEBEEC-9F8C-1B99-690B-F5DD54BFE40F}.Debug|Any CPU.ActiveCfg = Debug|Any CPU
		{25CEBEEC-9F8C-1B99-690B-F5DD54BFE40F}.Debug|Any CPU.Build.0 = Debug|Any CPU
		{25CEBEEC-9F8C-1B99-690B-F5DD54BFE40F}.Release|Any CPU.ActiveCfg = Release|Any CPU
		{25CEBEEC-9F8C-1B99-690B-F5DD54BFE40F}.Release|Any CPU.Build.0 = Release|Any CPU
		{AF799E58-0222-A8BC-13CA-398EA6EB1544}.Debug|Any CPU.ActiveCfg = Debug|Any CPU
		{AF799E58-0222-A8BC-13CA-398EA6EB1544}.Debug|Any CPU.Build.0 = Debug|Any CPU
		{AF799E58-0222-A8BC-13CA-398EA6EB1544}.Release|Any CPU.ActiveCfg = Release|Any CPU
		{AF799E58-0222-A8BC-13CA-398EA6EB1544}.Release|Any CPU.Build.0 = Release|Any CPU
		{FB689959-74F0-E735-EEB2-5C0C42FC1C25}.Debug|Any CPU.ActiveCfg = Debug|Any CPU
		{FB689959-74F0-E735-EEB2-5C0C42FC1C25}.Debug|Any CPU.Build.0 = Debug|Any CPU
		{FB689959-74F0-E735-EEB2-5C0C42FC1C25}.Release|Any CPU.ActiveCfg = Release|Any CPU
		{FB689959-74F0-E735-EEB2-5C0C42FC1C25}.Release|Any CPU.Build.0 = Release|Any CPU
		{8EF48742-4A3D-61FF-05B8-9511494DF1DA}.Debug|Any CPU.ActiveCfg = Debug|Any CPU
		{8EF48742-4A3D-61FF-05B8-9511494DF1DA}.Debug|Any CPU.Build.0 = Debug|Any CPU
		{8EF48742-4A3D-61FF-05B8-9511494DF1DA}.Release|Any CPU.ActiveCfg = Release|Any CPU
		{8EF48742-4A3D-61FF-05B8-9511494DF1DA}.Release|Any CPU.Build.0 = Release|Any CPU
		{3F270B60-5A95-969A-2FAA-DBDF60E8B4AE}.Debug|Any CPU.ActiveCfg = Debug|Any CPU
		{3F270B60-5A95-969A-2FAA-DBDF60E8B4AE}.Debug|Any CPU.Build.0 = Debug|Any CPU
		{3F270B60-5A95-969A-2FAA-DBDF60E8B4AE}.Release|Any CPU.ActiveCfg = Release|Any CPU
		{3F270B60-5A95-969A-2FAA-DBDF60E8B4AE}.Release|Any CPU.Build.0 = Release|Any CPU
		{040E05B0-1557-8D39-AD9B-3A7D5B562C31}.Debug|Any CPU.ActiveCfg = Debug|Any CPU
		{040E05B0-1557-8D39-AD9B-3A7D5B562C31}.Debug|Any CPU.Build.0 = Debug|Any CPU
		{040E05B0-1557-8D39-AD9B-3A7D5B562C31}.Release|Any CPU.ActiveCfg = Release|Any CPU
		{040E05B0-1557-8D39-AD9B-3A7D5B562C31}.Release|Any CPU.Build.0 = Release|Any CPU
		{80666B31-F217-4C15-6D1D-DCFE14D4C700}.Debug|Any CPU.ActiveCfg = Debug|Any CPU
		{80666B31-F217-4C15-6D1D-DCFE14D4C700}.Debug|Any CPU.Build.0 = Debug|Any CPU
		{80666B31-F217-4C15-6D1D-DCFE14D4C700}.Release|Any CPU.ActiveCfg = Release|Any CPU
		{80666B31-F217-4C15-6D1D-DCFE14D4C700}.Release|Any CPU.Build.0 = Release|Any CPU
		{8D785339-5E68-FAC1-113D-EEA50C148517}.Debug|Any CPU.ActiveCfg = Debug|Any CPU
		{8D785339-5E68-FAC1-113D-EEA50C148517}.Debug|Any CPU.Build.0 = Debug|Any CPU
		{8D785339-5E68-FAC1-113D-EEA50C148517}.Release|Any CPU.ActiveCfg = Release|Any CPU
		{8D785339-5E68-FAC1-113D-EEA50C148517}.Release|Any CPU.Build.0 = Release|Any CPU
		{F739E41F-C690-599B-1D66-E474CD5E4C5A}.Debug|Any CPU.ActiveCfg = Debug|Any CPU
		{F739E41F-C690-599B-1D66-E474CD5E4C5A}.Debug|Any CPU.Build.0 = Debug|Any CPU
		{F739E41F-C690-599B-1D66-E474CD5E4C5A}.Release|Any CPU.ActiveCfg = Release|Any CPU
		{F739E41F-C690-599B-1D66-E474CD5E4C5A}.Release|Any CPU.Build.0 = Release|Any CPU
		{8D89D760-DB92-7797-CCCC-37AD0A38B2D5}.Debug|Any CPU.ActiveCfg = Debug|Any CPU
		{8D89D760-DB92-7797-CCCC-37AD0A38B2D5}.Debug|Any CPU.Build.0 = Debug|Any CPU
		{8D89D760-DB92-7797-CCCC-37AD0A38B2D5}.Release|Any CPU.ActiveCfg = Release|Any CPU
		{8D89D760-DB92-7797-CCCC-37AD0A38B2D5}.Release|Any CPU.Build.0 = Release|Any CPU
		{B6E82D56-B99A-C198-62A6-BED14F30A8FA}.Debug|Any CPU.ActiveCfg = Debug|Any CPU
		{B6E82D56-B99A-C198-62A6-BED14F30A8FA}.Debug|Any CPU.Build.0 = Debug|Any CPU
		{B6E82D56-B99A-C198-62A6-BED14F30A8FA}.Release|Any CPU.ActiveCfg = Release|Any CPU
		{B6E82D56-B99A-C198-62A6-BED14F30A8FA}.Release|Any CPU.Build.0 = Release|Any CPU
		{386F05BD-DF67-DC25-934A-ABA312E8BC84}.Debug|Any CPU.ActiveCfg = Debug|Any CPU
		{386F05BD-DF67-DC25-934A-ABA312E8BC84}.Debug|Any CPU.Build.0 = Debug|Any CPU
		{386F05BD-DF67-DC25-934A-ABA312E8BC84}.Release|Any CPU.ActiveCfg = Release|Any CPU
		{386F05BD-DF67-DC25-934A-ABA312E8BC84}.Release|Any CPU.Build.0 = Release|Any CPU
		{776E8FBF-F078-CC0C-03F6-0258CD8F51D1}.Debug|Any CPU.ActiveCfg = Debug|Any CPU
		{776E8FBF-F078-CC0C-03F6-0258CD8F51D1}.Debug|Any CPU.Build.0 = Debug|Any CPU
		{776E8FBF-F078-CC0C-03F6-0258CD8F51D1}.Release|Any CPU.ActiveCfg = Release|Any CPU
		{776E8FBF-F078-CC0C-03F6-0258CD8F51D1}.Release|Any CPU.Build.0 = Release|Any CPU
		{7072B21F-0F85-4D98-5D93-7BC260D73BDC}.Debug|Any CPU.ActiveCfg = Debug|Any CPU
		{7072B21F-0F85-4D98-5D93-7BC260D73BDC}.Debug|Any CPU.Build.0 = Debug|Any CPU
		{7072B21F-0F85-4D98-5D93-7BC260D73BDC}.Release|Any CPU.ActiveCfg = Release|Any CPU
		{7072B21F-0F85-4D98-5D93-7BC260D73BDC}.Release|Any CPU.Build.0 = Release|Any CPU
		{8411887F-034C-E37F-CEFD-65217B3D2A26}.Debug|Any CPU.ActiveCfg = Debug|Any CPU
		{8411887F-034C-E37F-CEFD-65217B3D2A26}.Debug|Any CPU.Build.0 = Debug|Any CPU
		{8411887F-034C-E37F-CEFD-65217B3D2A26}.Release|Any CPU.ActiveCfg = Release|Any CPU
		{8411887F-034C-E37F-CEFD-65217B3D2A26}.Release|Any CPU.Build.0 = Release|Any CPU
		{C6D49221-64E8-6C5B-BBF0-6B936CE311DC}.Debug|Any CPU.ActiveCfg = Debug|Any CPU
		{C6D49221-64E8-6C5B-BBF0-6B936CE311DC}.Debug|Any CPU.Build.0 = Debug|Any CPU
		{C6D49221-64E8-6C5B-BBF0-6B936CE311DC}.Release|Any CPU.ActiveCfg = Release|Any CPU
		{C6D49221-64E8-6C5B-BBF0-6B936CE311DC}.Release|Any CPU.Build.0 = Release|Any CPU
		{F972CD59-5A50-FA23-F53A-5D662CFDC100}.Debug|Any CPU.ActiveCfg = Debug|Any CPU
		{F972CD59-5A50-FA23-F53A-5D662CFDC100}.Debug|Any CPU.Build.0 = Debug|Any CPU
		{F972CD59-5A50-FA23-F53A-5D662CFDC100}.Release|Any CPU.ActiveCfg = Release|Any CPU
		{F972CD59-5A50-FA23-F53A-5D662CFDC100}.Release|Any CPU.Build.0 = Release|Any CPU
		{C08004EF-4C15-5E27-495A-A5731D68948D}.Debug|Any CPU.ActiveCfg = Debug|Any CPU
		{C08004EF-4C15-5E27-495A-A5731D68948D}.Debug|Any CPU.Build.0 = Debug|Any CPU
		{C08004EF-4C15-5E27-495A-A5731D68948D}.Release|Any CPU.ActiveCfg = Release|Any CPU
		{C08004EF-4C15-5E27-495A-A5731D68948D}.Release|Any CPU.Build.0 = Release|Any CPU
		{DD6AC082-7AF6-FABF-A8CA-087E8D740858}.Debug|Any CPU.ActiveCfg = Debug|Any CPU
		{DD6AC082-7AF6-FABF-A8CA-087E8D740858}.Debug|Any CPU.Build.0 = Debug|Any CPU
		{DD6AC082-7AF6-FABF-A8CA-087E8D740858}.Release|Any CPU.ActiveCfg = Release|Any CPU
		{DD6AC082-7AF6-FABF-A8CA-087E8D740858}.Release|Any CPU.Build.0 = Release|Any CPU
		{D98DDEA7-D0BF-69C5-381C-52E70A893926}.Debug|Any CPU.ActiveCfg = Debug|Any CPU
		{D98DDEA7-D0BF-69C5-381C-52E70A893926}.Debug|Any CPU.Build.0 = Debug|Any CPU
		{D98DDEA7-D0BF-69C5-381C-52E70A893926}.Release|Any CPU.ActiveCfg = Release|Any CPU
		{D98DDEA7-D0BF-69C5-381C-52E70A893926}.Release|Any CPU.Build.0 = Release|Any CPU
		{3067CBF7-A3A3-E89B-E3AE-675B070FCED6}.Debug|Any CPU.ActiveCfg = Debug|Any CPU
		{3067CBF7-A3A3-E89B-E3AE-675B070FCED6}.Debug|Any CPU.Build.0 = Debug|Any CPU
		{3067CBF7-A3A3-E89B-E3AE-675B070FCED6}.Release|Any CPU.ActiveCfg = Release|Any CPU
		{3067CBF7-A3A3-E89B-E3AE-675B070FCED6}.Release|Any CPU.Build.0 = Release|Any CPU
		{0027925D-B5EF-54AB-3D3C-992C7C007691}.Debug|Any CPU.ActiveCfg = Debug|Any CPU
		{0027925D-B5EF-54AB-3D3C-992C7C007691}.Debug|Any CPU.Build.0 = Debug|Any CPU
		{0027925D-B5EF-54AB-3D3C-992C7C007691}.Release|Any CPU.ActiveCfg = Release|Any CPU
		{0027925D-B5EF-54AB-3D3C-992C7C007691}.Release|Any CPU.Build.0 = Release|Any CPU
		{B29AA6E3-FC21-CCC3-05A2-FE174B08E268}.Debug|Any CPU.ActiveCfg = Debug|Any CPU
		{B29AA6E3-FC21-CCC3-05A2-FE174B08E268}.Debug|Any CPU.Build.0 = Debug|Any CPU
		{B29AA6E3-FC21-CCC3-05A2-FE174B08E268}.Release|Any CPU.ActiveCfg = Release|Any CPU
		{B29AA6E3-FC21-CCC3-05A2-FE174B08E268}.Release|Any CPU.Build.0 = Release|Any CPU
		{ED54E2D3-5045-EDB4-91FA-D604C1D906E7}.Debug|Any CPU.ActiveCfg = Debug|Any CPU
		{ED54E2D3-5045-EDB4-91FA-D604C1D906E7}.Debug|Any CPU.Build.0 = Debug|Any CPU
		{ED54E2D3-5045-EDB4-91FA-D604C1D906E7}.Release|Any CPU.ActiveCfg = Release|Any CPU
		{ED54E2D3-5045-EDB4-91FA-D604C1D906E7}.Release|Any CPU.Build.0 = Release|Any CPU
		{65071C21-55C1-B11E-49CC-AABE525C47F8}.Debug|Any CPU.ActiveCfg = Debug|Any CPU
		{65071C21-55C1-B11E-49CC-AABE525C47F8}.Debug|Any CPU.Build.0 = Debug|Any CPU
		{65071C21-55C1-B11E-49CC-AABE525C47F8}.Release|Any CPU.ActiveCfg = Release|Any CPU
		{65071C21-55C1-B11E-49CC-AABE525C47F8}.Release|Any CPU.Build.0 = Release|Any CPU
		{630DDADD-8039-54A3-A559-775D9CAB98B9}.Debug|Any CPU.ActiveCfg = Debug|Any CPU
		{630DDADD-8039-54A3-A559-775D9CAB98B9}.Debug|Any CPU.Build.0 = Debug|Any CPU
		{630DDADD-8039-54A3-A559-775D9CAB98B9}.Release|Any CPU.ActiveCfg = Release|Any CPU
		{630DDADD-8039-54A3-A559-775D9CAB98B9}.Release|Any CPU.Build.0 = Release|Any CPU
		{3C9C60BA-D2F5-E58A-DA61-0193B9036EFF}.Debug|Any CPU.ActiveCfg = Debug|Any CPU
		{3C9C60BA-D2F5-E58A-DA61-0193B9036EFF}.Debug|Any CPU.Build.0 = Debug|Any CPU
		{3C9C60BA-D2F5-E58A-DA61-0193B9036EFF}.Release|Any CPU.ActiveCfg = Release|Any CPU
		{3C9C60BA-D2F5-E58A-DA61-0193B9036EFF}.Release|Any CPU.Build.0 = Release|Any CPU
		{18C3E72D-B9C4-C6CC-EED8-8BFA5110EF31}.Debug|Any CPU.ActiveCfg = Debug|Any CPU
		{18C3E72D-B9C4-C6CC-EED8-8BFA5110EF31}.Debug|Any CPU.Build.0 = Debug|Any CPU
		{18C3E72D-B9C4-C6CC-EED8-8BFA5110EF31}.Release|Any CPU.ActiveCfg = Release|Any CPU
		{18C3E72D-B9C4-C6CC-EED8-8BFA5110EF31}.Release|Any CPU.Build.0 = Release|Any CPU
		{2FBCF766-4A3F-D7A9-B051-4F02574498AB}.Debug|Any CPU.ActiveCfg = Debug|Any CPU
		{2FBCF766-4A3F-D7A9-B051-4F02574498AB}.Debug|Any CPU.Build.0 = Debug|Any CPU
		{2FBCF766-4A3F-D7A9-B051-4F02574498AB}.Release|Any CPU.ActiveCfg = Release|Any CPU
		{2FBCF766-4A3F-D7A9-B051-4F02574498AB}.Release|Any CPU.Build.0 = Release|Any CPU
		{53A86FB9-4B2E-4BA3-22F1-08863A0F43DA}.Debug|Any CPU.ActiveCfg = Debug|Any CPU
		{53A86FB9-4B2E-4BA3-22F1-08863A0F43DA}.Debug|Any CPU.Build.0 = Debug|Any CPU
		{53A86FB9-4B2E-4BA3-22F1-08863A0F43DA}.Release|Any CPU.ActiveCfg = Release|Any CPU
		{53A86FB9-4B2E-4BA3-22F1-08863A0F43DA}.Release|Any CPU.Build.0 = Release|Any CPU
		{F39DB17A-AA08-1BF3-BA4E-A5B2D4E5646B}.Debug|Any CPU.ActiveCfg = Debug|Any CPU
		{F39DB17A-AA08-1BF3-BA4E-A5B2D4E5646B}.Debug|Any CPU.Build.0 = Debug|Any CPU
		{F39DB17A-AA08-1BF3-BA4E-A5B2D4E5646B}.Release|Any CPU.ActiveCfg = Release|Any CPU
		{F39DB17A-AA08-1BF3-BA4E-A5B2D4E5646B}.Release|Any CPU.Build.0 = Release|Any CPU
		{248982DE-930F-04FC-46CC-B912C27B9967}.Debug|Any CPU.ActiveCfg = Debug|Any CPU
		{248982DE-930F-04FC-46CC-B912C27B9967}.Debug|Any CPU.Build.0 = Debug|Any CPU
		{248982DE-930F-04FC-46CC-B912C27B9967}.Release|Any CPU.ActiveCfg = Release|Any CPU
		{248982DE-930F-04FC-46CC-B912C27B9967}.Release|Any CPU.Build.0 = Release|Any CPU
		{15D9CD94-B0E7-A5CE-2C5D-1132A9083562}.Debug|Any CPU.ActiveCfg = Debug|Any CPU
		{15D9CD94-B0E7-A5CE-2C5D-1132A9083562}.Debug|Any CPU.Build.0 = Debug|Any CPU
		{15D9CD94-B0E7-A5CE-2C5D-1132A9083562}.Release|Any CPU.ActiveCfg = Release|Any CPU
		{15D9CD94-B0E7-A5CE-2C5D-1132A9083562}.Release|Any CPU.Build.0 = Release|Any CPU
		{25BF6572-2F12-1C68-CEFE-CBB9633EF15C}.Debug|Any CPU.ActiveCfg = Debug|Any CPU
		{25BF6572-2F12-1C68-CEFE-CBB9633EF15C}.Debug|Any CPU.Build.0 = Debug|Any CPU
		{25BF6572-2F12-1C68-CEFE-CBB9633EF15C}.Release|Any CPU.ActiveCfg = Release|Any CPU
		{25BF6572-2F12-1C68-CEFE-CBB9633EF15C}.Release|Any CPU.Build.0 = Release|Any CPU
		{F9B821A2-0EA1-D0C3-0246-7B68AFE587FE}.Debug|Any CPU.ActiveCfg = Debug|Any CPU
		{F9B821A2-0EA1-D0C3-0246-7B68AFE587FE}.Debug|Any CPU.Build.0 = Debug|Any CPU
		{F9B821A2-0EA1-D0C3-0246-7B68AFE587FE}.Release|Any CPU.ActiveCfg = Release|Any CPU
		{F9B821A2-0EA1-D0C3-0246-7B68AFE587FE}.Release|Any CPU.Build.0 = Release|Any CPU
		{41984AA0-BDD4-3484-0EE5-14020778A8DE}.Debug|Any CPU.ActiveCfg = Debug|Any CPU
		{41984AA0-BDD4-3484-0EE5-14020778A8DE}.Debug|Any CPU.Build.0 = Debug|Any CPU
		{41984AA0-BDD4-3484-0EE5-14020778A8DE}.Release|Any CPU.ActiveCfg = Release|Any CPU
		{41984AA0-BDD4-3484-0EE5-14020778A8DE}.Release|Any CPU.Build.0 = Release|Any CPU
		{40830650-DB7E-8A78-9FB4-317BDBB63940}.Debug|Any CPU.ActiveCfg = Debug|Any CPU
		{40830650-DB7E-8A78-9FB4-317BDBB63940}.Debug|Any CPU.Build.0 = Debug|Any CPU
		{40830650-DB7E-8A78-9FB4-317BDBB63940}.Release|Any CPU.ActiveCfg = Release|Any CPU
		{40830650-DB7E-8A78-9FB4-317BDBB63940}.Release|Any CPU.Build.0 = Release|Any CPU
		{A2416998-D1D4-9C29-9A6E-91CA4E72F519}.Debug|Any CPU.ActiveCfg = Debug|Any CPU
		{A2416998-D1D4-9C29-9A6E-91CA4E72F519}.Debug|Any CPU.Build.0 = Debug|Any CPU
		{A2416998-D1D4-9C29-9A6E-91CA4E72F519}.Release|Any CPU.ActiveCfg = Release|Any CPU
		{A2416998-D1D4-9C29-9A6E-91CA4E72F519}.Release|Any CPU.Build.0 = Release|Any CPU
		{308A07F1-A4DF-FD6C-DAD5-F16BD72E056F}.Debug|Any CPU.ActiveCfg = Debug|Any CPU
		{308A07F1-A4DF-FD6C-DAD5-F16BD72E056F}.Debug|Any CPU.Build.0 = Debug|Any CPU
		{308A07F1-A4DF-FD6C-DAD5-F16BD72E056F}.Release|Any CPU.ActiveCfg = Release|Any CPU
		{308A07F1-A4DF-FD6C-DAD5-F16BD72E056F}.Release|Any CPU.Build.0 = Release|Any CPU
		{78254162-857E-71D1-675F-613696ECD247}.Debug|Any CPU.ActiveCfg = Debug|Any CPU
		{78254162-857E-71D1-675F-613696ECD247}.Debug|Any CPU.Build.0 = Debug|Any CPU
		{78254162-857E-71D1-675F-613696ECD247}.Release|Any CPU.ActiveCfg = Release|Any CPU
		{78254162-857E-71D1-675F-613696ECD247}.Release|Any CPU.Build.0 = Release|Any CPU
	EndGlobalSection
	GlobalSection(SolutionProperties) = preSolution
		HideSolutionNode = FALSE
	EndGlobalSection
EndGlobal
